// !$*UTF8*$!
{
	archiveVersion = 1;
	classes = {
	};
	objectVersion = 46;
	objects = {

/* Begin PBXBuildFile section */
		C37504F71B2DCAAC00B0C1D4 /* AppDelegate.swift in Sources */ = {isa = PBXBuildFile; fileRef = C37504F61B2DCAAC00B0C1D4 /* AppDelegate.swift */; };
		C37504F91B2DCAAC00B0C1D4 /* ViewController.swift in Sources */ = {isa = PBXBuildFile; fileRef = C37504F81B2DCAAC00B0C1D4 /* ViewController.swift */; };
		C37504FC1B2DCAAC00B0C1D4 /* Main.storyboard in Resources */ = {isa = PBXBuildFile; fileRef = C37504FA1B2DCAAC00B0C1D4 /* Main.storyboard */; };
		C37504FE1B2DCAAC00B0C1D4 /* Images.xcassets in Resources */ = {isa = PBXBuildFile; fileRef = C37504FD1B2DCAAC00B0C1D4 /* Images.xcassets */; };
		C37505011B2DCAAC00B0C1D4 /* LaunchScreen.xib in Resources */ = {isa = PBXBuildFile; fileRef = C37504FF1B2DCAAC00B0C1D4 /* LaunchScreen.xib */; };
		C375050D1B2DCAAC00B0C1D4 /* Jinro_Wa_Tests.swift in Sources */ = {isa = PBXBuildFile; fileRef = C375050C1B2DCAAC00B0C1D4 /* Jinro_Wa_Tests.swift */; };
		C37505181B2DCB6700B0C1D4 /* matsu_000.png in Resources */ = {isa = PBXBuildFile; fileRef = C37505171B2DCB6700B0C1D4 /* matsu_000.png */; };
		C38376521B345E1300C10A71 /* startbtn.png in Resources */ = {isa = PBXBuildFile; fileRef = C38376511B345E1300C10A71 /* startbtn.png */; };
		C38376581B3462EC00C10A71 /* btn3.png in Resources */ = {isa = PBXBuildFile; fileRef = C38376531B3462EC00C10A71 /* btn3.png */; };
		C38376591B3462EC00C10A71 /* btn4.png in Resources */ = {isa = PBXBuildFile; fileRef = C38376541B3462EC00C10A71 /* btn4.png */; };
		C383765A1B3462EC00C10A71 /* btn5.png in Resources */ = {isa = PBXBuildFile; fileRef = C38376551B3462EC00C10A71 /* btn5.png */; };
		C383765B1B3462EC00C10A71 /* btn6.png in Resources */ = {isa = PBXBuildFile; fileRef = C38376561B3462EC00C10A71 /* btn6.png */; };
		C383765C1B3462EC00C10A71 /* btn7.png in Resources */ = {isa = PBXBuildFile; fileRef = C38376571B3462EC00C10A71 /* btn7.png */; };
		C383765E1B34643600C10A71 /* settingend.png in Resources */ = {isa = PBXBuildFile; fileRef = C383765D1B34643600C10A71 /* settingend.png */; };
		C38376601B3465A300C10A71 /* cardback.png in Resources */ = {isa = PBXBuildFile; fileRef = C383765F1B3465A300C10A71 /* cardback.png */; };
		C38376621B34662900C10A71 /* rolebtn.png in Resources */ = {isa = PBXBuildFile; fileRef = C38376611B34662900C10A71 /* rolebtn.png */; };
		C38376641B3466F400C10A71 /* roledone.png in Resources */ = {isa = PBXBuildFile; fileRef = C38376631B3466F400C10A71 /* roledone.png */; };
		C38376661B34671300C10A71 /* btntemp.png in Resources */ = {isa = PBXBuildFile; fileRef = C38376651B34671300C10A71 /* btntemp.png */; };
		C38376681B34692F00C10A71 /* talkend.png in Resources */ = {isa = PBXBuildFile; fileRef = C38376671B34692F00C10A71 /* talkend.png */; };
		C383766A1B346C4F00C10A71 /* winimg.png in Resources */ = {isa = PBXBuildFile; fileRef = C38376691B346C4F00C10A71 /* winimg.png */; };
		C38376721B346D9900C10A71 /* ActionViewController.swift in Sources */ = {isa = PBXBuildFile; fileRef = C383766B1B346D9900C10A71 /* ActionViewController.swift */; };
		C38376731B346D9900C10A71 /* ExecutionViewController.swift in Sources */ = {isa = PBXBuildFile; fileRef = C383766C1B346D9900C10A71 /* ExecutionViewController.swift */; };
		C38376741B346D9900C10A71 /* PlayerNameViewController.swift in Sources */ = {isa = PBXBuildFile; fileRef = C383766D1B346D9900C10A71 /* PlayerNameViewController.swift */; };
		C38376751B346D9900C10A71 /* ResultViewController.swift in Sources */ = {isa = PBXBuildFile; fileRef = C383766E1B346D9900C10A71 /* ResultViewController.swift */; };
		C38376761B346D9900C10A71 /* RoleViewController.swift in Sources */ = {isa = PBXBuildFile; fileRef = C383766F1B346D9900C10A71 /* RoleViewController.swift */; };
		C38376771B346D9900C10A71 /* SettingViewController.swift in Sources */ = {isa = PBXBuildFile; fileRef = C38376701B346D9900C10A71 /* SettingViewController.swift */; };
		C38376781B346D9900C10A71 /* TimerViewController.swift in Sources */ = {isa = PBXBuildFile; fileRef = C38376711B346D9900C10A71 /* TimerViewController.swift */; };
		C383767E1B346E2B00C10A71 /* teruteru.png in Resources */ = {isa = PBXBuildFile; fileRef = C38376791B346E2B00C10A71 /* teruteru.png */; };
		C383767F1B346E2B00C10A71 /* theaf.png in Resources */ = {isa = PBXBuildFile; fileRef = C383767A1B346E2B00C10A71 /* theaf.png */; };
		C38376801B346E2B00C10A71 /* jinro.png in Resources */ = {isa = PBXBuildFile; fileRef = C383767B1B346E2B00C10A71 /* jinro.png */; };
		C38376811B346E2B00C10A71 /* people.png in Resources */ = {isa = PBXBuildFile; fileRef = C383767C1B346E2B00C10A71 /* people.png */; };
		C38376821B346E2B00C10A71 /* uranai.png in Resources */ = {isa = PBXBuildFile; fileRef = C383767D1B346E2B00C10A71 /* uranai.png */; };
/* End PBXBuildFile section */

/* Begin PBXContainerItemProxy section */
		C37505071B2DCAAC00B0C1D4 /* PBXContainerItemProxy */ = {
			isa = PBXContainerItemProxy;
			containerPortal = C37504E91B2DCAAC00B0C1D4 /* Project object */;
			proxyType = 1;
			remoteGlobalIDString = C37504F01B2DCAAC00B0C1D4;
			remoteInfo = "Jinro-Wa-";
		};
/* End PBXContainerItemProxy section */

/* Begin PBXFileReference section */
		C37504F11B2DCAAC00B0C1D4 /* Jinro-Wa-.app */ = {isa = PBXFileReference; explicitFileType = wrapper.application; includeInIndex = 0; path = "Jinro-Wa-.app"; sourceTree = BUILT_PRODUCTS_DIR; };
		C37504F51B2DCAAC00B0C1D4 /* Info.plist */ = {isa = PBXFileReference; lastKnownFileType = text.plist.xml; path = Info.plist; sourceTree = "<group>"; };
		C37504F61B2DCAAC00B0C1D4 /* AppDelegate.swift */ = {isa = PBXFileReference; lastKnownFileType = sourcecode.swift; path = AppDelegate.swift; sourceTree = "<group>"; };
		C37504F81B2DCAAC00B0C1D4 /* ViewController.swift */ = {isa = PBXFileReference; lastKnownFileType = sourcecode.swift; path = ViewController.swift; sourceTree = "<group>"; };
		C37504FB1B2DCAAC00B0C1D4 /* Base */ = {isa = PBXFileReference; lastKnownFileType = file.storyboard; name = Base; path = Base.lproj/Main.storyboard; sourceTree = "<group>"; };
		C37504FD1B2DCAAC00B0C1D4 /* Images.xcassets */ = {isa = PBXFileReference; lastKnownFileType = folder.assetcatalog; path = Images.xcassets; sourceTree = "<group>"; };
		C37505001B2DCAAC00B0C1D4 /* Base */ = {isa = PBXFileReference; lastKnownFileType = file.xib; name = Base; path = Base.lproj/LaunchScreen.xib; sourceTree = "<group>"; };
		C37505061B2DCAAC00B0C1D4 /* Jinro-Wa-Tests.xctest */ = {isa = PBXFileReference; explicitFileType = wrapper.cfbundle; includeInIndex = 0; path = "Jinro-Wa-Tests.xctest"; sourceTree = BUILT_PRODUCTS_DIR; };
		C375050B1B2DCAAC00B0C1D4 /* Info.plist */ = {isa = PBXFileReference; lastKnownFileType = text.plist.xml; path = Info.plist; sourceTree = "<group>"; };
		C375050C1B2DCAAC00B0C1D4 /* Jinro_Wa_Tests.swift */ = {isa = PBXFileReference; lastKnownFileType = sourcecode.swift; path = Jinro_Wa_Tests.swift; sourceTree = "<group>"; };
		C37505171B2DCB6700B0C1D4 /* matsu_000.png */ = {isa = PBXFileReference; lastKnownFileType = image.png; path = matsu_000.png; sourceTree = "<group>"; };
		C38376511B345E1300C10A71 /* startbtn.png */ = {isa = PBXFileReference; lastKnownFileType = image.png; path = startbtn.png; sourceTree = "<group>"; };
		C38376531B3462EC00C10A71 /* btn3.png */ = {isa = PBXFileReference; lastKnownFileType = image.png; path = btn3.png; sourceTree = "<group>"; };
		C38376541B3462EC00C10A71 /* btn4.png */ = {isa = PBXFileReference; lastKnownFileType = image.png; path = btn4.png; sourceTree = "<group>"; };
		C38376551B3462EC00C10A71 /* btn5.png */ = {isa = PBXFileReference; lastKnownFileType = image.png; path = btn5.png; sourceTree = "<group>"; };
		C38376561B3462EC00C10A71 /* btn6.png */ = {isa = PBXFileReference; lastKnownFileType = image.png; path = btn6.png; sourceTree = "<group>"; };
		C38376571B3462EC00C10A71 /* btn7.png */ = {isa = PBXFileReference; lastKnownFileType = image.png; path = btn7.png; sourceTree = "<group>"; };
		C383765D1B34643600C10A71 /* settingend.png */ = {isa = PBXFileReference; lastKnownFileType = image.png; path = settingend.png; sourceTree = "<group>"; };
		C383765F1B3465A300C10A71 /* cardback.png */ = {isa = PBXFileReference; lastKnownFileType = image.png; path = cardback.png; sourceTree = "<group>"; };
		C38376611B34662900C10A71 /* rolebtn.png */ = {isa = PBXFileReference; lastKnownFileType = image.png; path = rolebtn.png; sourceTree = "<group>"; };
		C38376631B3466F400C10A71 /* roledone.png */ = {isa = PBXFileReference; lastKnownFileType = image.png; path = roledone.png; sourceTree = "<group>"; };
		C38376651B34671300C10A71 /* btntemp.png */ = {isa = PBXFileReference; lastKnownFileType = image.png; path = btntemp.png; sourceTree = "<group>"; };
		C38376671B34692F00C10A71 /* talkend.png */ = {isa = PBXFileReference; lastKnownFileType = image.png; path = talkend.png; sourceTree = "<group>"; };
		C38376691B346C4F00C10A71 /* winimg.png */ = {isa = PBXFileReference; lastKnownFileType = image.png; path = winimg.png; sourceTree = "<group>"; };
		C383766B1B346D9900C10A71 /* ActionViewController.swift */ = {isa = PBXFileReference; fileEncoding = 4; lastKnownFileType = sourcecode.swift; path = ActionViewController.swift; sourceTree = "<group>"; };
		C383766C1B346D9900C10A71 /* ExecutionViewController.swift */ = {isa = PBXFileReference; fileEncoding = 4; lastKnownFileType = sourcecode.swift; path = ExecutionViewController.swift; sourceTree = "<group>"; };
		C383766D1B346D9900C10A71 /* PlayerNameViewController.swift */ = {isa = PBXFileReference; fileEncoding = 4; lastKnownFileType = sourcecode.swift; path = PlayerNameViewController.swift; sourceTree = "<group>"; };
		C383766E1B346D9900C10A71 /* ResultViewController.swift */ = {isa = PBXFileReference; fileEncoding = 4; lastKnownFileType = sourcecode.swift; path = ResultViewController.swift; sourceTree = "<group>"; };
		C383766F1B346D9900C10A71 /* RoleViewController.swift */ = {isa = PBXFileReference; fileEncoding = 4; lastKnownFileType = sourcecode.swift; path = RoleViewController.swift; sourceTree = "<group>"; };
		C38376701B346D9900C10A71 /* SettingViewController.swift */ = {isa = PBXFileReference; fileEncoding = 4; lastKnownFileType = sourcecode.swift; path = SettingViewController.swift; sourceTree = "<group>"; };
		C38376711B346D9900C10A71 /* TimerViewController.swift */ = {isa = PBXFileReference; fileEncoding = 4; lastKnownFileType = sourcecode.swift; path = TimerViewController.swift; sourceTree = "<group>"; };
		C38376791B346E2B00C10A71 /* teruteru.png */ = {isa = PBXFileReference; lastKnownFileType = image.png; path = teruteru.png; sourceTree = "<group>"; };
		C383767A1B346E2B00C10A71 /* theaf.png */ = {isa = PBXFileReference; lastKnownFileType = image.png; path = theaf.png; sourceTree = "<group>"; };
		C383767B1B346E2B00C10A71 /* jinro.png */ = {isa = PBXFileReference; lastKnownFileType = image.png; path = jinro.png; sourceTree = "<group>"; };
		C383767C1B346E2B00C10A71 /* people.png */ = {isa = PBXFileReference; lastKnownFileType = image.png; path = people.png; sourceTree = "<group>"; };
		C383767D1B346E2B00C10A71 /* uranai.png */ = {isa = PBXFileReference; lastKnownFileType = image.png; path = uranai.png; sourceTree = "<group>"; };
/* End PBXFileReference section */

/* Begin PBXFrameworksBuildPhase section */
		C37504EE1B2DCAAC00B0C1D4 /* Frameworks */ = {
			isa = PBXFrameworksBuildPhase;
			buildActionMask = 2147483647;
			files = (
			);
			runOnlyForDeploymentPostprocessing = 0;
		};
		C37505031B2DCAAC00B0C1D4 /* Frameworks */ = {
			isa = PBXFrameworksBuildPhase;
			buildActionMask = 2147483647;
			files = (
			);
			runOnlyForDeploymentPostprocessing = 0;
		};
/* End PBXFrameworksBuildPhase section */

/* Begin PBXGroup section */
		C37504E81B2DCAAC00B0C1D4 = {
			isa = PBXGroup;
			children = (
				C37505161B2DCB0B00B0C1D4 /* imgs */,
				C37504F31B2DCAAC00B0C1D4 /* Jinro-Wa- */,
				C37505091B2DCAAC00B0C1D4 /* Jinro-Wa-Tests */,
				C37504F21B2DCAAC00B0C1D4 /* Products */,
			);
			sourceTree = "<group>";
		};
		C37504F21B2DCAAC00B0C1D4 /* Products */ = {
			isa = PBXGroup;
			children = (
				C37504F11B2DCAAC00B0C1D4 /* Jinro-Wa-.app */,
				C37505061B2DCAAC00B0C1D4 /* Jinro-Wa-Tests.xctest */,
			);
			name = Products;
			sourceTree = "<group>";
		};
		C37504F31B2DCAAC00B0C1D4 /* Jinro-Wa- */ = {
			isa = PBXGroup;
			children = (
				C383766B1B346D9900C10A71 /* ActionViewController.swift */,
				C383766C1B346D9900C10A71 /* ExecutionViewController.swift */,
				C383766D1B346D9900C10A71 /* PlayerNameViewController.swift */,
				C383766E1B346D9900C10A71 /* ResultViewController.swift */,
				C383766F1B346D9900C10A71 /* RoleViewController.swift */,
				C38376701B346D9900C10A71 /* SettingViewController.swift */,
				C38376711B346D9900C10A71 /* TimerViewController.swift */,
				C37504F61B2DCAAC00B0C1D4 /* AppDelegate.swift */,
				C37504F81B2DCAAC00B0C1D4 /* ViewController.swift */,
				C37504FA1B2DCAAC00B0C1D4 /* Main.storyboard */,
				C37504FD1B2DCAAC00B0C1D4 /* Images.xcassets */,
				C37504FF1B2DCAAC00B0C1D4 /* LaunchScreen.xib */,
				C37504F41B2DCAAC00B0C1D4 /* Supporting Files */,
			);
			path = "Jinro-Wa-";
			sourceTree = "<group>";
		};
		C37504F41B2DCAAC00B0C1D4 /* Supporting Files */ = {
			isa = PBXGroup;
			children = (
				C37504F51B2DCAAC00B0C1D4 /* Info.plist */,
			);
			name = "Supporting Files";
			sourceTree = "<group>";
		};
		C37505091B2DCAAC00B0C1D4 /* Jinro-Wa-Tests */ = {
			isa = PBXGroup;
			children = (
				C375050C1B2DCAAC00B0C1D4 /* Jinro_Wa_Tests.swift */,
				C375050A1B2DCAAC00B0C1D4 /* Supporting Files */,
			);
			path = "Jinro-Wa-Tests";
			sourceTree = "<group>";
		};
		C375050A1B2DCAAC00B0C1D4 /* Supporting Files */ = {
			isa = PBXGroup;
			children = (
				C375050B1B2DCAAC00B0C1D4 /* Info.plist */,
			);
			name = "Supporting Files";
			sourceTree = "<group>";
		};
		C37505161B2DCB0B00B0C1D4 /* imgs */ = {
			isa = PBXGroup;
			children = (
				C37505171B2DCB6700B0C1D4 /* matsu_000.png */,
				C38376511B345E1300C10A71 /* startbtn.png */,
				C383765D1B34643600C10A71 /* settingend.png */,
				C38376531B3462EC00C10A71 /* btn3.png */,
				C38376631B3466F400C10A71 /* roledone.png */,
				C38376791B346E2B00C10A71 /* teruteru.png */,
				C383767A1B346E2B00C10A71 /* theaf.png */,
				C383767B1B346E2B00C10A71 /* jinro.png */,
				C383767C1B346E2B00C10A71 /* people.png */,
				C383767D1B346E2B00C10A71 /* uranai.png */,
				C38376691B346C4F00C10A71 /* winimg.png */,
				C383765F1B3465A300C10A71 /* cardback.png */,
				C38376541B3462EC00C10A71 /* btn4.png */,
				C38376551B3462EC00C10A71 /* btn5.png */,
				C38376651B34671300C10A71 /* btntemp.png */,
				C38376671B34692F00C10A71 /* talkend.png */,
				C38376611B34662900C10A71 /* rolebtn.png */,
				C38376561B3462EC00C10A71 /* btn6.png */,
				C38376571B3462EC00C10A71 /* btn7.png */,
			);
			name = imgs;
			sourceTree = "<group>";
		};
/* End PBXGroup section */

/* Begin PBXNativeTarget section */
		C37504F01B2DCAAC00B0C1D4 /* Jinro-Wa- */ = {
			isa = PBXNativeTarget;
			buildConfigurationList = C37505101B2DCAAD00B0C1D4 /* Build configuration list for PBXNativeTarget "Jinro-Wa-" */;
			buildPhases = (
				C37504ED1B2DCAAC00B0C1D4 /* Sources */,
				C37504EE1B2DCAAC00B0C1D4 /* Frameworks */,
				C37504EF1B2DCAAC00B0C1D4 /* Resources */,
			);
			buildRules = (
			);
			dependencies = (
			);
			name = "Jinro-Wa-";
			productName = "Jinro-Wa-";
			productReference = C37504F11B2DCAAC00B0C1D4 /* Jinro-Wa-.app */;
			productType = "com.apple.product-type.application";
		};
		C37505051B2DCAAC00B0C1D4 /* Jinro-Wa-Tests */ = {
			isa = PBXNativeTarget;
			buildConfigurationList = C37505131B2DCAAD00B0C1D4 /* Build configuration list for PBXNativeTarget "Jinro-Wa-Tests" */;
			buildPhases = (
				C37505021B2DCAAC00B0C1D4 /* Sources */,
				C37505031B2DCAAC00B0C1D4 /* Frameworks */,
				C37505041B2DCAAC00B0C1D4 /* Resources */,
			);
			buildRules = (
			);
			dependencies = (
				C37505081B2DCAAC00B0C1D4 /* PBXTargetDependency */,
			);
			name = "Jinro-Wa-Tests";
			productName = "Jinro-Wa-Tests";
			productReference = C37505061B2DCAAC00B0C1D4 /* Jinro-Wa-Tests.xctest */;
			productType = "com.apple.product-type.bundle.unit-test";
		};
/* End PBXNativeTarget section */

/* Begin PBXProject section */
		C37504E91B2DCAAC00B0C1D4 /* Project object */ = {
			isa = PBXProject;
			attributes = {
				LastSwiftUpdateCheck = 0710;
				LastUpgradeCheck = 0630;
				ORGANIZATIONNAME = OtsukaHiromichi;
				TargetAttributes = {
					C37504F01B2DCAAC00B0C1D4 = {
						CreatedOnToolsVersion = 6.3;
						DevelopmentTeam = ATJJU93UE7;
					};
					C37505051B2DCAAC00B0C1D4 = {
						CreatedOnToolsVersion = 6.3;
						TestTargetID = C37504F01B2DCAAC00B0C1D4;
					};
				};
			};
			buildConfigurationList = C37504EC1B2DCAAC00B0C1D4 /* Build configuration list for PBXProject "Jinro-Wa-" */;
			compatibilityVersion = "Xcode 3.2";
			developmentRegion = English;
			hasScannedForEncodings = 0;
			knownRegions = (
				en,
				Base,
			);
			mainGroup = C37504E81B2DCAAC00B0C1D4;
			productRefGroup = C37504F21B2DCAAC00B0C1D4 /* Products */;
			projectDirPath = "";
			projectRoot = "";
			targets = (
				C37504F01B2DCAAC00B0C1D4 /* Jinro-Wa- */,
				C37505051B2DCAAC00B0C1D4 /* Jinro-Wa-Tests */,
			);
		};
/* End PBXProject section */

/* Begin PBXResourcesBuildPhase section */
		C37504EF1B2DCAAC00B0C1D4 /* Resources */ = {
			isa = PBXResourcesBuildPhase;
			buildActionMask = 2147483647;
			files = (
				C38376591B3462EC00C10A71 /* btn4.png in Resources */,
				C38376681B34692F00C10A71 /* talkend.png in Resources */,
				C383767E1B346E2B00C10A71 /* teruteru.png in Resources */,
				C38376641B3466F400C10A71 /* roledone.png in Resources */,
				C38376811B346E2B00C10A71 /* people.png in Resources */,
				C37504FC1B2DCAAC00B0C1D4 /* Main.storyboard in Resources */,
				C383766A1B346C4F00C10A71 /* winimg.png in Resources */,
				C38376621B34662900C10A71 /* rolebtn.png in Resources */,
				C38376601B3465A300C10A71 /* cardback.png in Resources */,
				C383765B1B3462EC00C10A71 /* btn6.png in Resources */,
				C38376821B346E2B00C10A71 /* uranai.png in Resources */,
				C37505181B2DCB6700B0C1D4 /* matsu_000.png in Resources */,
				C38376581B3462EC00C10A71 /* btn3.png in Resources */,
				C38376801B346E2B00C10A71 /* jinro.png in Resources */,
				C383765A1B3462EC00C10A71 /* btn5.png in Resources */,
				C383765C1B3462EC00C10A71 /* btn7.png in Resources */,
				C383767F1B346E2B00C10A71 /* theaf.png in Resources */,
				C38376661B34671300C10A71 /* btntemp.png in Resources */,
				C383765E1B34643600C10A71 /* settingend.png in Resources */,
				C37505011B2DCAAC00B0C1D4 /* LaunchScreen.xib in Resources */,
				C38376521B345E1300C10A71 /* startbtn.png in Resources */,
				C37504FE1B2DCAAC00B0C1D4 /* Images.xcassets in Resources */,
			);
			runOnlyForDeploymentPostprocessing = 0;
		};
		C37505041B2DCAAC00B0C1D4 /* Resources */ = {
			isa = PBXResourcesBuildPhase;
			buildActionMask = 2147483647;
			files = (
			);
			runOnlyForDeploymentPostprocessing = 0;
		};
/* End PBXResourcesBuildPhase section */

/* Begin PBXSourcesBuildPhase section */
		C37504ED1B2DCAAC00B0C1D4 /* Sources */ = {
			isa = PBXSourcesBuildPhase;
			buildActionMask = 2147483647;
			files = (
				C37504F91B2DCAAC00B0C1D4 /* ViewController.swift in Sources */,
				C38376781B346D9900C10A71 /* TimerViewController.swift in Sources */,
				C37504F71B2DCAAC00B0C1D4 /* AppDelegate.swift in Sources */,
				C38376761B346D9900C10A71 /* RoleViewController.swift in Sources */,
				C38376771B346D9900C10A71 /* SettingViewController.swift in Sources */,
				C38376721B346D9900C10A71 /* ActionViewController.swift in Sources */,
				C38376731B346D9900C10A71 /* ExecutionViewController.swift in Sources */,
				C38376741B346D9900C10A71 /* PlayerNameViewController.swift in Sources */,
				C38376751B346D9900C10A71 /* ResultViewController.swift in Sources */,
			);
			runOnlyForDeploymentPostprocessing = 0;
		};
		C37505021B2DCAAC00B0C1D4 /* Sources */ = {
			isa = PBXSourcesBuildPhase;
			buildActionMask = 2147483647;
			files = (
				C375050D1B2DCAAC00B0C1D4 /* Jinro_Wa_Tests.swift in Sources */,
			);
			runOnlyForDeploymentPostprocessing = 0;
		};
/* End PBXSourcesBuildPhase section */

/* Begin PBXTargetDependency section */
		C37505081B2DCAAC00B0C1D4 /* PBXTargetDependency */ = {
			isa = PBXTargetDependency;
			target = C37504F01B2DCAAC00B0C1D4 /* Jinro-Wa- */;
			targetProxy = C37505071B2DCAAC00B0C1D4 /* PBXContainerItemProxy */;
		};
/* End PBXTargetDependency section */

/* Begin PBXVariantGroup section */
		C37504FA1B2DCAAC00B0C1D4 /* Main.storyboard */ = {
			isa = PBXVariantGroup;
			children = (
				C37504FB1B2DCAAC00B0C1D4 /* Base */,
			);
			name = Main.storyboard;
			sourceTree = "<group>";
		};
		C37504FF1B2DCAAC00B0C1D4 /* LaunchScreen.xib */ = {
			isa = PBXVariantGroup;
			children = (
				C37505001B2DCAAC00B0C1D4 /* Base */,
			);
			name = LaunchScreen.xib;
			sourceTree = "<group>";
		};
/* End PBXVariantGroup section */

/* Begin XCBuildConfiguration section */
		C375050E1B2DCAAD00B0C1D4 /* Debug */ = {
			isa = XCBuildConfiguration;
			buildSettings = {
				ALWAYS_SEARCH_USER_PATHS = NO;
				CLANG_CXX_LANGUAGE_STANDARD = "gnu++0x";
				CLANG_CXX_LIBRARY = "libc++";
				CLANG_ENABLE_MODULES = YES;
				CLANG_ENABLE_OBJC_ARC = YES;
				CLANG_WARN_BOOL_CONVERSION = YES;
				CLANG_WARN_CONSTANT_CONVERSION = YES;
				CLANG_WARN_DIRECT_OBJC_ISA_USAGE = YES_ERROR;
				CLANG_WARN_EMPTY_BODY = YES;
				CLANG_WARN_ENUM_CONVERSION = YES;
				CLANG_WARN_INT_CONVERSION = YES;
				CLANG_WARN_OBJC_ROOT_CLASS = YES_ERROR;
				CLANG_WARN_UNREACHABLE_CODE = YES;
				CLANG_WARN__DUPLICATE_METHOD_MATCH = YES;
				"CODE_SIGN_IDENTITY[sdk=iphoneos*]" = "iPhone Developer";
				COPY_PHASE_STRIP = NO;
				DEBUG_INFORMATION_FORMAT = "dwarf-with-dsym";
				ENABLE_STRICT_OBJC_MSGSEND = YES;
				GCC_C_LANGUAGE_STANDARD = gnu99;
				GCC_DYNAMIC_NO_PIC = NO;
				GCC_NO_COMMON_BLOCKS = YES;
				GCC_OPTIMIZATION_LEVEL = 0;
				GCC_PREPROCESSOR_DEFINITIONS = (
					"DEBUG=1",
					"$(inherited)",
				);
				GCC_SYMBOLS_PRIVATE_EXTERN = NO;
				GCC_WARN_64_TO_32_BIT_CONVERSION = YES;
				GCC_WARN_ABOUT_RETURN_TYPE = YES_ERROR;
				GCC_WARN_UNDECLARED_SELECTOR = YES;
				GCC_WARN_UNINITIALIZED_AUTOS = YES_AGGRESSIVE;
				GCC_WARN_UNUSED_FUNCTION = YES;
				GCC_WARN_UNUSED_VARIABLE = YES;
				IPHONEOS_DEPLOYMENT_TARGET = 8.3;
				MTL_ENABLE_DEBUG_INFO = YES;
				ONLY_ACTIVE_ARCH = YES;
				SDKROOT = iphoneos;
				SWIFT_OPTIMIZATION_LEVEL = "-Onone";
			};
			name = Debug;
		};
		C375050F1B2DCAAD00B0C1D4 /* Release */ = {
			isa = XCBuildConfiguration;
			buildSettings = {
				ALWAYS_SEARCH_USER_PATHS = NO;
				CLANG_CXX_LANGUAGE_STANDARD = "gnu++0x";
				CLANG_CXX_LIBRARY = "libc++";
				CLANG_ENABLE_MODULES = YES;
				CLANG_ENABLE_OBJC_ARC = YES;
				CLANG_WARN_BOOL_CONVERSION = YES;
				CLANG_WARN_CONSTANT_CONVERSION = YES;
				CLANG_WARN_DIRECT_OBJC_ISA_USAGE = YES_ERROR;
				CLANG_WARN_EMPTY_BODY = YES;
				CLANG_WARN_ENUM_CONVERSION = YES;
				CLANG_WARN_INT_CONVERSION = YES;
				CLANG_WARN_OBJC_ROOT_CLASS = YES_ERROR;
				CLANG_WARN_UNREACHABLE_CODE = YES;
				CLANG_WARN__DUPLICATE_METHOD_MATCH = YES;
				"CODE_SIGN_IDENTITY[sdk=iphoneos*]" = "iPhone Developer";
				COPY_PHASE_STRIP = NO;
				DEBUG_INFORMATION_FORMAT = "dwarf-with-dsym";
				ENABLE_NS_ASSERTIONS = NO;
				ENABLE_STRICT_OBJC_MSGSEND = YES;
				GCC_C_LANGUAGE_STANDARD = gnu99;
				GCC_NO_COMMON_BLOCKS = YES;
				GCC_WARN_64_TO_32_BIT_CONVERSION = YES;
				GCC_WARN_ABOUT_RETURN_TYPE = YES_ERROR;
				GCC_WARN_UNDECLARED_SELECTOR = YES;
				GCC_WARN_UNINITIALIZED_AUTOS = YES_AGGRESSIVE;
				GCC_WARN_UNUSED_FUNCTION = YES;
				GCC_WARN_UNUSED_VARIABLE = YES;
				IPHONEOS_DEPLOYMENT_TARGET = 8.3;
				MTL_ENABLE_DEBUG_INFO = NO;
				SDKROOT = iphoneos;
				VALIDATE_PRODUCT = YES;
			};
			name = Release;
		};
		C37505111B2DCAAD00B0C1D4 /* Debug */ = {
			isa = XCBuildConfiguration;
			buildSettings = {
				ASSETCATALOG_COMPILER_APPICON_NAME = "AppIcon-1";
				CODE_SIGN_IDENTITY = "iPhone Developer";
				"CODE_SIGN_IDENTITY[sdk=iphoneos*]" = "iPhone Developer";
				INFOPLIST_FILE = "Jinro-Wa-/Info.plist";
				IPHONEOS_DEPLOYMENT_TARGET = 8.0;
				LD_RUNPATH_SEARCH_PATHS = "$(inherited) @executable_path/Frameworks";
				PRODUCT_NAME = "$(TARGET_NAME)";
				PROVISIONING_PROFILE = "";
				TARGETED_DEVICE_FAMILY = "1,2";
			};
			name = Debug;
		};
		C37505121B2DCAAD00B0C1D4 /* Release */ = {
			isa = XCBuildConfiguration;
			buildSettings = {
				ASSETCATALOG_COMPILER_APPICON_NAME = "AppIcon-1";
				CODE_SIGN_IDENTITY = "iPhone Distribution: Hiromichi Otsuka (ATJJU93UE7)";
				"CODE_SIGN_IDENTITY[sdk=iphoneos*]" = "iPhone Distribution: Hiromichi Otsuka (ATJJU93UE7)";
				INFOPLIST_FILE = "Jinro-Wa-/Info.plist";
				IPHONEOS_DEPLOYMENT_TARGET = 8.0;
				LD_RUNPATH_SEARCH_PATHS = "$(inherited) @executable_path/Frameworks";
				PRODUCT_NAME = "$(TARGET_NAME)";
				PROVISIONING_PROFILE = "";
				TARGETED_DEVICE_FAMILY = "1,2";
			};
			name = Release;
		};
		C37505141B2DCAAD00B0C1D4 /* Debug */ = {
			isa = XCBuildConfiguration;
			buildSettings = {
				BUNDLE_LOADER = "$(TEST_HOST)";
				FRAMEWORK_SEARCH_PATHS = (
					"$(SDKROOT)/Developer/Library/Frameworks",
					"$(inherited)",
				);
				GCC_PREPROCESSOR_DEFINITIONS = (
					"DEBUG=1",
					"$(inherited)",
				);
				INFOPLIST_FILE = "Jinro-Wa-Tests/Info.plist";
				LD_RUNPATH_SEARCH_PATHS = "$(inherited) @executable_path/Frameworks @loader_path/Frameworks";
				PRODUCT_NAME = "$(TARGET_NAME)";
				TEST_HOST = "$(BUILT_PRODUCTS_DIR)/Jinro-Wa-.app/Jinro-Wa-";
			};
			name = Debug;
		};
		C37505151B2DCAAD00B0C1D4 /* Release */ = {
			isa = XCBuildConfiguration;
			buildSettings = {
				BUNDLE_LOADER = "$(TEST_HOST)";
				FRAMEWORK_SEARCH_PATHS = (
					"$(SDKROOT)/Developer/Library/Frameworks",
					"$(inherited)",
				);
				INFOPLIST_FILE = "Jinro-Wa-Tests/Info.plist";
				LD_RUNPATH_SEARCH_PATHS = "$(inherited) @executable_path/Frameworks @loader_path/Frameworks";
				PRODUCT_NAME = "$(TARGET_NAME)";
				TEST_HOST = "$(BUILT_PRODUCTS_DIR)/Jinro-Wa-.app/Jinro-Wa-";
			};
			name = Release;
		};
/* End XCBuildConfiguration section */

/* Begin XCConfigurationList section */
		C37504EC1B2DCAAC00B0C1D4 /* Build configuration list for PBXProject "Jinro-Wa-" */ = {
			isa = XCConfigurationList;
			buildConfigurations = (
				C375050E1B2DCAAD00B0C1D4 /* Debug */,
				C375050F1B2DCAAD00B0C1D4 /* Release */,
			);
			defaultConfigurationIsVisible = 0;
			defaultConfigurationName = Release;
		};
		C37505101B2DCAAD00B0C1D4 /* Build configuration list for PBXNativeTarget "Jinro-Wa-" */ = {
			isa = XCConfigurationList;
			buildConfigurations = (
				C37505111B2DCAAD00B0C1D4 /* Debug */,
				C37505121B2DCAAD00B0C1D4 /* Release */,
			);
			defaultConfigurationIsVisible = 0;
			defaultConfigurationName = Release;
		};
		C37505131B2DCAAD00B0C1D4 /* Build configuration list for PBXNativeTarget "Jinro-Wa-Tests" */ = {
			isa = XCConfigurationList;
			buildConfigurations = (
				C37505141B2DCAAD00B0C1D4 /* Debug */,
				C37505151B2DCAAD00B0C1D4 /* Release */,
			);
			defaultConfigurationIsVisible = 0;
			defaultConfigurationName = Release;
		};
/* End XCConfigurationList section */
	};
	rootObject = C37504E91B2DCAAC00B0C1D4 /* Project object */;
}
